
Microsoft Visual Studio Solution File, Format Version 12.00
# Visual Studio Version 17
VisualStudioVersion = 17.4.33103.184
MinimumVisualStudioVersion = 10.0.40219.1
Project("{FAE04EC0-301F-11D3-BF4B-00C04F79EFBC}") = "WebAPI.Fime.Manha", "WebAPI.Fime.Manha\WebAPI.Fime.Manha.csproj", "{9B755AC9-036E-437C-AA2C-B5463FD17399}"
EndProject
Global
	GlobalSection(SolutionConfigurationPlatforms) = preSolution
		Debug|Any CPU = Debug|Any CPU
		Release|Any CPU = Release|Any CPU
	EndGlobalSection
	GlobalSection(ProjectConfigurationPlatforms) = postSolution
		{9B755AC9-036E-437C-AA2C-B5463FD17399}.Debug|Any CPU.ActiveCfg = Debug|Any CPU
		{9B755AC9-036E-437C-AA2C-B5463FD17399}.Debug|Any CPU.Build.0 = Debug|Any CPU
		{9B755AC9-036E-437C-AA2C-B5463FD17399}.Release|Any CPU.ActiveCfg = Release|Any CPU
		{9B755AC9-036E-437C-AA2C-B5463FD17399}.Release|Any CPU.Build.0 = Release|Any CPU
	EndGlobalSection
	GlobalSection(SolutionProperties) = preSolution
		HideSolutionNode = FALSE
	EndGlobalSection
	GlobalSection(ExtensibilityGlobals) = postSolution
		SolutionGuid = {21D92F03-3ABE-4FE3-94F3-745759D175D1}
	EndGlobalSection
EndGlobal
